
Microsoft Visual Studio Solution File, Format Version 12.00
# Visual Studio 15
VisualStudioVersion = 15.0.28307.1684
MinimumVisualStudioVersion = 10.0.40219.1
Project("{FAE04EC0-301F-11D3-BF4B-00C04F79EFBC}") = "Entidades", "Entidades\Entidades.csproj", "{0AE66AAE-8512-4D7D-B8E2-226538B43716}"
EndProject
Project("{FAE04EC0-301F-11D3-BF4B-00C04F79EFBC}") = "WindowsMedicos", "WindowsMedicos\WindowsMedicos.csproj", "{766F4C37-5AE1-44C7-AC4B-89F08242BED1}"
EndProject
Project("{FAE04EC0-301F-11D3-BF4B-00C04F79EFBC}") = "Datos", "Datos\Datos.csproj", "{C83DFC9A-0B93-4819-A70C-7520C5A1F6A2}"
EndProject
Project("{FAE04EC0-301F-11D3-BF4B-00C04F79EFBC}") = "WebMedicos", "..\..\..\Desktop\SistemaMedicos\WebMedicos\WebMedicos.csproj", "{ACE062CE-6485-4B45-B832-D77B25839F94}"
EndProject
Global
	GlobalSection(SolutionConfigurationPlatforms) = preSolution
		Debug|Any CPU = Debug|Any CPU
		Release|Any CPU = Release|Any CPU
	EndGlobalSection
	GlobalSection(ProjectConfigurationPlatforms) = postSolution
		{0AE66AAE-8512-4D7D-B8E2-226538B43716}.Debug|Any CPU.ActiveCfg = Debug|Any CPU
		{0AE66AAE-8512-4D7D-B8E2-226538B43716}.Debug|Any CPU.Build.0 = Debug|Any CPU
		{0AE66AAE-8512-4D7D-B8E2-226538B43716}.Release|Any CPU.ActiveCfg = Release|Any CPU
		{0AE66AAE-8512-4D7D-B8E2-226538B43716}.Release|Any CPU.Build.0 = Release|Any CPU
		{766F4C37-5AE1-44C7-AC4B-89F08242BED1}.Debug|Any CPU.ActiveCfg = Debug|Any CPU
		{766F4C37-5AE1-44C7-AC4B-89F08242BED1}.Debug|Any CPU.Build.0 = Debug|Any CPU
		{766F4C37-5AE1-44C7-AC4B-89F08242BED1}.Release|Any CPU.ActiveCfg = Release|Any CPU
		{766F4C37-5AE1-44C7-AC4B-89F08242BED1}.Release|Any CPU.Build.0 = Release|Any CPU
		{C83DFC9A-0B93-4819-A70C-7520C5A1F6A2}.Debug|Any CPU.ActiveCfg = Debug|Any CPU
		{C83DFC9A-0B93-4819-A70C-7520C5A1F6A2}.Debug|Any CPU.Build.0 = Debug|Any CPU
		{C83DFC9A-0B93-4819-A70C-7520C5A1F6A2}.Release|Any CPU.ActiveCfg = Release|Any CPU
		{C83DFC9A-0B93-4819-A70C-7520C5A1F6A2}.Release|Any CPU.Build.0 = Release|Any CPU
		{ACE062CE-6485-4B45-B832-D77B25839F94}.Debug|Any CPU.ActiveCfg = Debug|Any CPU
		{ACE062CE-6485-4B45-B832-D77B25839F94}.Debug|Any CPU.Build.0 = Debug|Any CPU
		{ACE062CE-6485-4B45-B832-D77B25839F94}.Release|Any CPU.ActiveCfg = Release|Any CPU
		{ACE062CE-6485-4B45-B832-D77B25839F94}.Release|Any CPU.Build.0 = Release|Any CPU
	EndGlobalSection
	GlobalSection(SolutionProperties) = preSolution
		HideSolutionNode = FALSE
	EndGlobalSection
	GlobalSection(ExtensibilityGlobals) = postSolution
		SolutionGuid = {DC6BB37E-18ED-440F-B832-BCE574CEBFC6}
	EndGlobalSection
EndGlobal
